// !$*UTF8*$!
{
	archiveVersion = 1;
	classes = {
	};
	objectVersion = 56;
	objects = {

/* Begin PBXBuildFile section */
		FD918EE929797B50005A3732 /* CalculatorApp.swift in Sources */ = {isa = PBXBuildFile; fileRef = FD918EE829797B50005A3732 /* CalculatorApp.swift */; };
		FD918EED29797B51005A3732 /* Assets.xcassets in Resources */ = {isa = PBXBuildFile; fileRef = FD918EEC29797B51005A3732 /* Assets.xcassets */; };
		FD918EF029797B51005A3732 /* Preview Assets.xcassets in Resources */ = {isa = PBXBuildFile; fileRef = FD918EEF29797B51005A3732 /* Preview Assets.xcassets */; };
		FD918F1329797C69005A3732 /* CalculatorView.swift in Sources */ = {isa = PBXBuildFile; fileRef = FD918F1229797C69005A3732 /* CalculatorView.swift */; };
		FD918F1529798A1C005A3732 /* ButtonType.swift in Sources */ = {isa = PBXBuildFile; fileRef = FD918F1429798A1C005A3732 /* ButtonType.swift */; };
		FD918F1929799A11005A3732 /* Digit.swift in Sources */ = {isa = PBXBuildFile; fileRef = FD918F1829799A11005A3732 /* Digit.swift */; };
		FD918F1B29799A1E005A3732 /* ArithmeticOperation.swift in Sources */ = {isa = PBXBuildFile; fileRef = FD918F1A29799A1E005A3732 /* ArithmeticOperation.swift */; };
		FD918F542979D03C005A3732 /* CalculatorButtonStyle.swift in Sources */ = {isa = PBXBuildFile; fileRef = FD918F532979D03C005A3732 /* CalculatorButtonStyle.swift */; };
		FD918F572979DFA1005A3732 /* CalculatorButton.swift in Sources */ = {isa = PBXBuildFile; fileRef = FD918F562979DFA1005A3732 /* CalculatorButton.swift */; };
		FD918F592979E215005A3732 /* Constants.swift in Sources */ = {isa = PBXBuildFile; fileRef = FD918F582979E215005A3732 /* Constants.swift */; };
		FD918F5B2979E646005A3732 /* Calculator.swift in Sources */ = {isa = PBXBuildFile; fileRef = FD918F5A2979E646005A3732 /* Calculator.swift */; };
		FD918F5D2979E78D005A3732 /* CalculatorViewModel.swift in Sources */ = {isa = PBXBuildFile; fileRef = FD918F5C2979E78D005A3732 /* CalculatorViewModel.swift */; };
/* End PBXBuildFile section */

/* Begin PBXContainerItemProxy section */
		FD918EF629797B52005A3732 /* PBXContainerItemProxy */ = {
			isa = PBXContainerItemProxy;
			containerPortal = FD918EDD29797B50005A3732 /* Project object */;
			proxyType = 1;
			remoteGlobalIDString = FD918EE429797B50005A3732;
			remoteInfo = Calculator;
		};
		FD918F0029797B52005A3732 /* PBXContainerItemProxy */ = {
			isa = PBXContainerItemProxy;
			containerPortal = FD918EDD29797B50005A3732 /* Project object */;
			proxyType = 1;
			remoteGlobalIDString = FD918EE429797B50005A3732;
			remoteInfo = Calculator;
		};
/* End PBXContainerItemProxy section */

/* Begin PBXFileReference section */
		FD918EE529797B50005A3732 /* Calculator.app */ = {isa = PBXFileReference; explicitFileType = wrapper.application; includeInIndex = 0; path = Calculator.app; sourceTree = BUILT_PRODUCTS_DIR; };
		FD918EE829797B50005A3732 /* CalculatorApp.swift */ = {isa = PBXFileReference; lastKnownFileType = sourcecode.swift; path = CalculatorApp.swift; sourceTree = "<group>"; };
		FD918EEC29797B51005A3732 /* Assets.xcassets */ = {isa = PBXFileReference; lastKnownFileType = folder.assetcatalog; path = Assets.xcassets; sourceTree = "<group>"; };
		FD918EEF29797B51005A3732 /* Preview Assets.xcassets */ = {isa = PBXFileReference; lastKnownFileType = folder.assetcatalog; path = "Preview Assets.xcassets"; sourceTree = "<group>"; };
		FD918EF529797B52005A3732 /* CalculatorTests.xctest */ = {isa = PBXFileReference; explicitFileType = wrapper.cfbundle; includeInIndex = 0; path = CalculatorTests.xctest; sourceTree = BUILT_PRODUCTS_DIR; };
		FD918EFF29797B52005A3732 /* CalculatorUITests.xctest */ = {isa = PBXFileReference; explicitFileType = wrapper.cfbundle; includeInIndex = 0; path = CalculatorUITests.xctest; sourceTree = BUILT_PRODUCTS_DIR; };
		FD918F1229797C69005A3732 /* CalculatorView.swift */ = {isa = PBXFileReference; lastKnownFileType = sourcecode.swift; path = CalculatorView.swift; sourceTree = "<group>"; };
		FD918F1429798A1C005A3732 /* ButtonType.swift */ = {isa = PBXFileReference; lastKnownFileType = sourcecode.swift; path = ButtonType.swift; sourceTree = "<group>"; };
		FD918F1829799A11005A3732 /* Digit.swift */ = {isa = PBXFileReference; lastKnownFileType = sourcecode.swift; path = Digit.swift; sourceTree = "<group>"; };
		FD918F1A29799A1E005A3732 /* ArithmeticOperation.swift */ = {isa = PBXFileReference; lastKnownFileType = sourcecode.swift; path = ArithmeticOperation.swift; sourceTree = "<group>"; };
		FD918F532979D03C005A3732 /* CalculatorButtonStyle.swift */ = {isa = PBXFileReference; lastKnownFileType = sourcecode.swift; path = CalculatorButtonStyle.swift; sourceTree = "<group>"; };
		FD918F562979DFA1005A3732 /* CalculatorButton.swift */ = {isa = PBXFileReference; lastKnownFileType = sourcecode.swift; path = CalculatorButton.swift; sourceTree = "<group>"; };
		FD918F582979E215005A3732 /* Constants.swift */ = {isa = PBXFileReference; lastKnownFileType = sourcecode.swift; path = Constants.swift; sourceTree = "<group>"; };
		FD918F5A2979E646005A3732 /* Calculator.swift */ = {isa = PBXFileReference; lastKnownFileType = sourcecode.swift; path = Calculator.swift; sourceTree = "<group>"; };
		FD918F5C2979E78D005A3732 /* CalculatorViewModel.swift */ = {isa = PBXFileReference; lastKnownFileType = sourcecode.swift; path = CalculatorViewModel.swift; sourceTree = "<group>"; };
/* End PBXFileReference section */

/* Begin PBXFrameworksBuildPhase section */
		FD918EE229797B50005A3732 /* Frameworks */ = {
			isa = PBXFrameworksBuildPhase;
			buildActionMask = 2147483647;
			files = (
			);
			runOnlyForDeploymentPostprocessing = 0;
		};
		FD918EF229797B52005A3732 /* Frameworks */ = {
			isa = PBXFrameworksBuildPhase;
			buildActionMask = 2147483647;
			files = (
			);
			runOnlyForDeploymentPostprocessing = 0;
		};
		FD918EFC29797B52005A3732 /* Frameworks */ = {
			isa = PBXFrameworksBuildPhase;
			buildActionMask = 2147483647;
			files = (
			);
			runOnlyForDeploymentPostprocessing = 0;
		};
/* End PBXFrameworksBuildPhase section */

/* Begin PBXGroup section */
		FD918EDC29797B50005A3732 = {
			isa = PBXGroup;
			children = (
				FD918EE729797B50005A3732 /* Calculator */,
				FD918EE629797B50005A3732 /* Products */,
			);
			sourceTree = "<group>";
		};
		FD918EE629797B50005A3732 /* Products */ = {
			isa = PBXGroup;
			children = (
				FD918EE529797B50005A3732 /* Calculator.app */,
				FD918EF529797B52005A3732 /* CalculatorTests.xctest */,
				FD918EFF29797B52005A3732 /* CalculatorUITests.xctest */,
			);
			name = Products;
			sourceTree = "<group>";
		};
		FD918EE729797B50005A3732 /* Calculator */ = {
			isa = PBXGroup;
			children = (
				FD918F522979D004005A3732 /* Styles */,
				FD918F17297999D3005A3732 /* Models */,
				FD918F16297999CD005A3732 /* Views */,
				FD918EE829797B50005A3732 /* CalculatorApp.swift */,
				FD918EEC29797B51005A3732 /* Assets.xcassets */,
				FD918EEE29797B51005A3732 /* Preview Content */,
				FD918F582979E215005A3732 /* Constants.swift */,
			);
			path = Calculator;
			sourceTree = "<group>";
		};
		FD918EEE29797B51005A3732 /* Preview Content */ = {
			isa = PBXGroup;
			children = (
				FD918EEF29797B51005A3732 /* Preview Assets.xcassets */,
			);
			path = "Preview Content";
			sourceTree = "<group>";
		};
		FD918F16297999CD005A3732 /* Views */ = {
			isa = PBXGroup;
			children = (
				FD918F552979DF8B005A3732 /* Components */,
				FD918F1229797C69005A3732 /* CalculatorView.swift */,
				FD918F5C2979E78D005A3732 /* CalculatorViewModel.swift */,
			);
			path = Views;
			sourceTree = "<group>";
		};
		FD918F17297999D3005A3732 /* Models */ = {
			isa = PBXGroup;
			children = (
				FD918F1429798A1C005A3732 /* ButtonType.swift */,
				FD918F1829799A11005A3732 /* Digit.swift */,
				FD918F1A29799A1E005A3732 /* ArithmeticOperation.swift */,
				FD918F5A2979E646005A3732 /* Calculator.swift */,
			);
			path = Models;
			sourceTree = "<group>";
		};
		FD918F522979D004005A3732 /* Styles */ = {
			isa = PBXGroup;
			children = (
				FD918F532979D03C005A3732 /* CalculatorButtonStyle.swift */,
			);
			path = Styles;
			sourceTree = "<group>";
		};
		FD918F552979DF8B005A3732 /* Components */ = {
			isa = PBXGroup;
			children = (
				FD918F562979DFA1005A3732 /* CalculatorButton.swift */,
			);
			path = Components;
			sourceTree = "<group>";
		};
/* End PBXGroup section */

/* Begin PBXNativeTarget section */
		FD918EE429797B50005A3732 /* Calculator */ = {
			isa = PBXNativeTarget;
			buildConfigurationList = FD918F0929797B52005A3732 /* Build configuration list for PBXNativeTarget "Calculator" */;
			buildPhases = (
				FD918EE129797B50005A3732 /* Sources */,
				FD918EE229797B50005A3732 /* Frameworks */,
				FD918EE329797B50005A3732 /* Resources */,
			);
			buildRules = (
			);
			dependencies = (
			);
			name = Calculator;
			productName = Calculator;
			productReference = FD918EE529797B50005A3732 /* Calculator.app */;
			productType = "com.apple.product-type.application";
		};
		FD918EF429797B52005A3732 /* CalculatorTests */ = {
			isa = PBXNativeTarget;
			buildConfigurationList = FD918F0C29797B52005A3732 /* Build configuration list for PBXNativeTarget "CalculatorTests" */;
			buildPhases = (
				FD918EF129797B52005A3732 /* Sources */,
				FD918EF229797B52005A3732 /* Frameworks */,
				FD918EF329797B52005A3732 /* Resources */,
			);
			buildRules = (
			);
			dependencies = (
				FD918EF729797B52005A3732 /* PBXTargetDependency */,
			);
			name = CalculatorTests;
			productName = CalculatorTests;
			productReference = FD918EF529797B52005A3732 /* CalculatorTests.xctest */;
			productType = "com.apple.product-type.bundle.unit-test";
		};
		FD918EFE29797B52005A3732 /* CalculatorUITests */ = {
			isa = PBXNativeTarget;
			buildConfigurationList = FD918F0F29797B52005A3732 /* Build configuration list for PBXNativeTarget "CalculatorUITests" */;
			buildPhases = (
				FD918EFB29797B52005A3732 /* Sources */,
				FD918EFC29797B52005A3732 /* Frameworks */,
				FD918EFD29797B52005A3732 /* Resources */,
			);
			buildRules = (
			);
			dependencies = (
				FD918F0129797B52005A3732 /* PBXTargetDependency */,
			);
			name = CalculatorUITests;
			productName = CalculatorUITests;
			productReference = FD918EFF29797B52005A3732 /* CalculatorUITests.xctest */;
			productType = "com.apple.product-type.bundle.ui-testing";
		};
/* End PBXNativeTarget section */

/* Begin PBXProject section */
		FD918EDD29797B50005A3732 /* Project object */ = {
			isa = PBXProject;
			attributes = {
				BuildIndependentTargetsInParallel = 1;
				LastSwiftUpdateCheck = 1420;
				LastUpgradeCheck = 1420;
				TargetAttributes = {
					FD918EE429797B50005A3732 = {
						CreatedOnToolsVersion = 14.2;
					};
					FD918EF429797B52005A3732 = {
						CreatedOnToolsVersion = 14.2;
						TestTargetID = FD918EE429797B50005A3732;
					};
					FD918EFE29797B52005A3732 = {
						CreatedOnToolsVersion = 14.2;
						TestTargetID = FD918EE429797B50005A3732;
					};
				};
			};
			buildConfigurationList = FD918EE029797B50005A3732 /* Build configuration list for PBXProject "Calculator" */;
			compatibilityVersion = "Xcode 14.0";
			developmentRegion = en;
			hasScannedForEncodings = 0;
			knownRegions = (
				en,
				Base,
			);
			mainGroup = FD918EDC29797B50005A3732;
			productRefGroup = FD918EE629797B50005A3732 /* Products */;
			projectDirPath = "";
			projectRoot = "";
			targets = (
				FD918EE429797B50005A3732 /* Calculator */,
				FD918EF429797B52005A3732 /* CalculatorTests */,
				FD918EFE29797B52005A3732 /* CalculatorUITests */,
			);
		};
/* End PBXProject section */

/* Begin PBXResourcesBuildPhase section */
		FD918EE329797B50005A3732 /* Resources */ = {
			isa = PBXResourcesBuildPhase;
			buildActionMask = 2147483647;
			files = (
				FD918EF029797B51005A3732 /* Preview Assets.xcassets in Resources */,
				FD918EED29797B51005A3732 /* Assets.xcassets in Resources */,
			);
			runOnlyForDeploymentPostprocessing = 0;
		};
		FD918EF329797B52005A3732 /* Resources */ = {
			isa = PBXResourcesBuildPhase;
			buildActionMask = 2147483647;
			files = (
			);
			runOnlyForDeploymentPostprocessing = 0;
		};
		FD918EFD29797B52005A3732 /* Resources */ = {
			isa = PBXResourcesBuildPhase;
			buildActionMask = 2147483647;
			files = (
			);
			runOnlyForDeploymentPostprocessing = 0;
		};
/* End PBXResourcesBuildPhase section */

/* Begin PBXSourcesBuildPhase section */
		FD918EE129797B50005A3732 /* Sources */ = {
			isa = PBXSourcesBuildPhase;
			buildActionMask = 2147483647;
			files = (
				FD918F1B29799A1E005A3732 /* ArithmeticOperation.swift in Sources */,
				FD918F572979DFA1005A3732 /* CalculatorButton.swift in Sources */,
				FD918F1329797C69005A3732 /* CalculatorView.swift in Sources */,
				FD918F1529798A1C005A3732 /* ButtonType.swift in Sources */,
				FD918F5D2979E78D005A3732 /* CalculatorViewModel.swift in Sources */,
				FD918F542979D03C005A3732 /* CalculatorButtonStyle.swift in Sources */,
				FD918F5B2979E646005A3732 /* Calculator.swift in Sources */,
				FD918EE929797B50005A3732 /* CalculatorApp.swift in Sources */,
				FD918F1929799A11005A3732 /* Digit.swift in Sources */,
				FD918F592979E215005A3732 /* Constants.swift in Sources */,
			);
			runOnlyForDeploymentPostprocessing = 0;
		};
		FD918EF129797B52005A3732 /* Sources */ = {
			isa = PBXSourcesBuildPhase;
			buildActionMask = 2147483647;
			files = (
			);
			runOnlyForDeploymentPostprocessing = 0;
		};
		FD918EFB29797B52005A3732 /* Sources */ = {
			isa = PBXSourcesBuildPhase;
			buildActionMask = 2147483647;
			files = (
			);
			runOnlyForDeploymentPostprocessing = 0;
		};
/* End PBXSourcesBuildPhase section */

/* Begin PBXTargetDependency section */
		FD918EF729797B52005A3732 /* PBXTargetDependency */ = {
			isa = PBXTargetDependency;
			target = FD918EE429797B50005A3732 /* Calculator */;
			targetProxy = FD918EF629797B52005A3732 /* PBXContainerItemProxy */;
		};
		FD918F0129797B52005A3732 /* PBXTargetDependency */ = {
			isa = PBXTargetDependency;
			target = FD918EE429797B50005A3732 /* Calculator */;
			targetProxy = FD918F0029797B52005A3732 /* PBXContainerItemProxy */;
		};
/* End PBXTargetDependency section */

/* Begin XCBuildConfiguration section */
		FD918F0729797B52005A3732 /* Debug */ = {
			isa = XCBuildConfiguration;
			buildSettings = {
				ALWAYS_SEARCH_USER_PATHS = NO;
				CLANG_ANALYZER_NONNULL = YES;
				CLANG_ANALYZER_NUMBER_OBJECT_CONVERSION = YES_AGGRESSIVE;
				CLANG_CXX_LANGUAGE_STANDARD = "gnu++20";
				CLANG_ENABLE_MODULES = YES;
				CLANG_ENABLE_OBJC_ARC = YES;
				CLANG_ENABLE_OBJC_WEAK = YES;
				CLANG_WARN_BLOCK_CAPTURE_AUTORELEASING = YES;
				CLANG_WARN_BOOL_CONVERSION = YES;
				CLANG_WARN_COMMA = YES;
				CLANG_WARN_CONSTANT_CONVERSION = YES;
				CLANG_WARN_DEPRECATED_OBJC_IMPLEMENTATIONS = YES;
				CLANG_WARN_DIRECT_OBJC_ISA_USAGE = YES_ERROR;
				CLANG_WARN_DOCUMENTATION_COMMENTS = YES;
				CLANG_WARN_EMPTY_BODY = YES;
				CLANG_WARN_ENUM_CONVERSION = YES;
				CLANG_WARN_INFINITE_RECURSION = YES;
				CLANG_WARN_INT_CONVERSION = YES;
				CLANG_WARN_NON_LITERAL_NULL_CONVERSION = YES;
				CLANG_WARN_OBJC_IMPLICIT_RETAIN_SELF = YES;
				CLANG_WARN_OBJC_LITERAL_CONVERSION = YES;
				CLANG_WARN_OBJC_ROOT_CLASS = YES_ERROR;
				CLANG_WARN_QUOTED_INCLUDE_IN_FRAMEWORK_HEADER = YES;
				CLANG_WARN_RANGE_LOOP_ANALYSIS = YES;
				CLANG_WARN_STRICT_PROTOTYPES = YES;
				CLANG_WARN_SUSPICIOUS_MOVE = YES;
				CLANG_WARN_UNGUARDED_AVAILABILITY = YES_AGGRESSIVE;
				CLANG_WARN_UNREACHABLE_CODE = YES;
				CLANG_WARN__DUPLICATE_METHOD_MATCH = YES;
				COPY_PHASE_STRIP = NO;
				DEBUG_INFORMATION_FORMAT = dwarf;
				ENABLE_STRICT_OBJC_MSGSEND = YES;
				ENABLE_TESTABILITY = YES;
				GCC_C_LANGUAGE_STANDARD = gnu11;
				GCC_DYNAMIC_NO_PIC = NO;
				GCC_NO_COMMON_BLOCKS = YES;
				GCC_OPTIMIZATION_LEVEL = 0;
				GCC_PREPROCESSOR_DEFINITIONS = (
					"DEBUG=1",
					"$(inherited)",
				);
				GCC_WARN_64_TO_32_BIT_CONVERSION = YES;
				GCC_WARN_ABOUT_RETURN_TYPE = YES_ERROR;
				GCC_WARN_UNDECLARED_SELECTOR = YES;
				GCC_WARN_UNINITIALIZED_AUTOS = YES_AGGRESSIVE;
				GCC_WARN_UNUSED_FUNCTION = YES;
				GCC_WARN_UNUSED_VARIABLE = YES;
				IPHONEOS_DEPLOYMENT_TARGET = 16.2;
				MTL_ENABLE_DEBUG_INFO = INCLUDE_SOURCE;
				MTL_FAST_MATH = YES;
				ONLY_ACTIVE_ARCH = YES;
				SDKROOT = iphoneos;
				SWIFT_ACTIVE_COMPILATION_CONDITIONS = DEBUG;
				SWIFT_OPTIMIZATION_LEVEL = "-Onone";
			};
			name = Debug;
		};
		FD918F0829797B52005A3732 /* Release */ = {
			isa = XCBuildConfiguration;
			buildSettings = {
				ALWAYS_SEARCH_USER_PATHS = NO;
				CLANG_ANALYZER_NONNULL = YES;
				CLANG_ANALYZER_NUMBER_OBJECT_CONVERSION = YES_AGGRESSIVE;
				CLANG_CXX_LANGUAGE_STANDARD = "gnu++20";
				CLANG_ENABLE_MODULES = YES;
				CLANG_ENABLE_OBJC_ARC = YES;
				CLANG_ENABLE_OBJC_WEAK = YES;
				CLANG_WARN_BLOCK_CAPTURE_AUTORELEASING = YES;
				CLANG_WARN_BOOL_CONVERSION = YES;
				CLANG_WARN_COMMA = YES;
				CLANG_WARN_CONSTANT_CONVERSION = YES;
				CLANG_WARN_DEPRECATED_OBJC_IMPLEMENTATIONS = YES;
				CLANG_WARN_DIRECT_OBJC_ISA_USAGE = YES_ERROR;
				CLANG_WARN_DOCUMENTATION_COMMENTS = YES;
				CLANG_WARN_EMPTY_BODY = YES;
				CLANG_WARN_ENUM_CONVERSION = YES;
				CLANG_WARN_INFINITE_RECURSION = YES;
				CLANG_WARN_INT_CONVERSION = YES;
				CLANG_WARN_NON_LITERAL_NULL_CONVERSION = YES;
				CLANG_WARN_OBJC_IMPLICIT_RETAIN_SELF = YES;
				CLANG_WARN_OBJC_LITERAL_CONVERSION = YES;
				CLANG_WARN_OBJC_ROOT_CLASS = YES_ERROR;
				CLANG_WARN_QUOTED_INCLUDE_IN_FRAMEWORK_HEADER = YES;
				CLANG_WARN_RANGE_LOOP_ANALYSIS = YES;
				CLANG_WARN_STRICT_PROTOTYPES = YES;
				CLANG_WARN_SUSPICIOUS_MOVE = YES;
				CLANG_WARN_UNGUARDED_AVAILABILITY = YES_AGGRESSIVE;
				CLANG_WARN_UNREACHABLE_CODE = YES;
				CLANG_WARN__DUPLICATE_METHOD_MATCH = YES;
				COPY_PHASE_STRIP = NO;
				DEBUG_INFORMATION_FORMAT = "dwarf-with-dsym";
				ENABLE_NS_ASSERTIONS = NO;
				ENABLE_STRICT_OBJC_MSGSEND = YES;
				GCC_C_LANGUAGE_STANDARD = gnu11;
				GCC_NO_COMMON_BLOCKS = YES;
				GCC_WARN_64_TO_32_BIT_CONVERSION = YES;
				GCC_WARN_ABOUT_RETURN_TYPE = YES_ERROR;
				GCC_WARN_UNDECLARED_SELECTOR = YES;
				GCC_WARN_UNINITIALIZED_AUTOS = YES_AGGRESSIVE;
				GCC_WARN_UNUSED_FUNCTION = YES;
				GCC_WARN_UNUSED_VARIABLE = YES;
				IPHONEOS_DEPLOYMENT_TARGET = 16.2;
				MTL_ENABLE_DEBUG_INFO = NO;
				MTL_FAST_MATH = YES;
				SDKROOT = iphoneos;
				SWIFT_COMPILATION_MODE = wholemodule;
				SWIFT_OPTIMIZATION_LEVEL = "-O";
				VALIDATE_PRODUCT = YES;
			};
			name = Release;
		};
		FD918F0A29797B52005A3732 /* Debug */ = {
			isa = XCBuildConfiguration;
			buildSettings = {
				ASSETCATALOG_COMPILER_APPICON_NAME = AppIcon;
				ASSETCATALOG_COMPILER_GLOBAL_ACCENT_COLOR_NAME = AccentColor;
				CODE_SIGN_STYLE = Automatic;
				CURRENT_PROJECT_VERSION = 1;
				DEVELOPMENT_ASSET_PATHS = "\"Calculator/Preview Content\"";
				DEVELOPMENT_TEAM = 3QF9F89UA9;
				ENABLE_PREVIEWS = YES;
				GENERATE_INFOPLIST_FILE = YES;
				INFOPLIST_KEY_UIApplicationSceneManifest_Generation = YES;
				INFOPLIST_KEY_UIApplicationSupportsIndirectInputEvents = YES;
				INFOPLIST_KEY_UILaunchScreen_Generation = YES;
				INFOPLIST_KEY_UISupportedInterfaceOrientations_iPad = "UIInterfaceOrientationPortrait UIInterfaceOrientationPortraitUpsideDown UIInterfaceOrientationLandscapeLeft UIInterfaceOrientationLandscapeRight";
				INFOPLIST_KEY_UISupportedInterfaceOrientations_iPhone = "UIInterfaceOrientationPortrait UIInterfaceOrientationLandscapeLeft UIInterfaceOrientationLandscapeRight";
				LD_RUNPATH_SEARCH_PATHS = (
					"$(inherited)",
					"@executable_path/Frameworks",
				);
				MARKETING_VERSION = 1.0;
				PRODUCT_BUNDLE_IDENTIFIER = com.fred.Calculator;
				PRODUCT_NAME = "$(TARGET_NAME)";
				SWIFT_EMIT_LOC_STRINGS = YES;
				SWIFT_VERSION = 5.0;
				TARGETED_DEVICE_FAMILY = "1,2";
			};
			name = Debug;
		};
		FD918F0B29797B52005A3732 /* Release */ = {
			isa = XCBuildConfiguration;
			buildSettings = {
				ASSETCATALOG_COMPILER_APPICON_NAME = AppIcon;
				ASSETCATALOG_COMPILER_GLOBAL_ACCENT_COLOR_NAME = AccentColor;
				CODE_SIGN_STYLE = Automatic;
				CURRENT_PROJECT_VERSION = 1;
				DEVELOPMENT_ASSET_PATHS = "\"Calculator/Preview Content\"";
				DEVELOPMENT_TEAM = 3QF9F89UA9;
				ENABLE_PREVIEWS = YES;
				GENERATE_INFOPLIST_FILE = YES;
				INFOPLIST_KEY_UIApplicationSceneManifest_Generation = YES;
				INFOPLIST_KEY_UIApplicationSupportsIndirectInputEvents = YES;
				INFOPLIST_KEY_UILaunchScreen_Generation = YES;
				INFOPLIST_KEY_UISupportedInterfaceOrientations_iPad = "UIInterfaceOrientationPortrait UIInterfaceOrientationPortraitUpsideDown UIInterfaceOrientationLandscapeLeft UIInterfaceOrientationLandscapeRight";
				INFOPLIST_KEY_UISupportedInterfaceOrientations_iPhone = "UIInterfaceOrientationPortrait UIInterfaceOrientationLandscapeLeft UIInterfaceOrientationLandscapeRight";
				LD_RUNPATH_SEARCH_PATHS = (
					"$(inherited)",
					"@executable_path/Frameworks",
				);
				MARKETING_VERSION = 1.0;
				PRODUCT_BUNDLE_IDENTIFIER = com.fred.Calculator;
				PRODUCT_NAME = "$(TARGET_NAME)";
				SWIFT_EMIT_LOC_STRINGS = YES;
				SWIFT_VERSION = 5.0;
				TARGETED_DEVICE_FAMILY = "1,2";
			};
			name = Release;
		};
		FD918F0D29797B52005A3732 /* Debug */ = {
			isa = XCBuildConfiguration;
			buildSettings = {
				ALWAYS_EMBED_SWIFT_STANDARD_LIBRARIES = YES;
				BUNDLE_LOADER = "$(TEST_HOST)";
				CODE_SIGN_STYLE = Automatic;
				CURRENT_PROJECT_VERSION = 1;
				DEVELOPMENT_TEAM = 3QF9F89UA9;
				GENERATE_INFOPLIST_FILE = YES;
				IPHONEOS_DEPLOYMENT_TARGET = 16.2;
				MARKETING_VERSION = 1.0;
				PRODUCT_BUNDLE_IDENTIFIER = com.fred.CalculatorTests;
				PRODUCT_NAME = "$(TARGET_NAME)";
				SWIFT_EMIT_LOC_STRINGS = NO;
				SWIFT_VERSION = 5.0;
				TARGETED_DEVICE_FAMILY = "1,2";
				TEST_HOST = "$(BUILT_PRODUCTS_DIR)/Calculator.app/$(BUNDLE_EXECUTABLE_FOLDER_PATH)/Calculator";
			};
			name = Debug;
		};
		FD918F0E29797B52005A3732 /* Release */ = {
			isa = XCBuildConfiguration;
			buildSettings = {
				ALWAYS_EMBED_SWIFT_STANDARD_LIBRARIES = YES;
				BUNDLE_LOADER = "$(TEST_HOST)";
				CODE_SIGN_STYLE = Automatic;
				CURRENT_PROJECT_VERSION = 1;
				DEVELOPMENT_TEAM = 3QF9F89UA9;
				GENERATE_INFOPLIST_FILE = YES;
				IPHONEOS_DEPLOYMENT_TARGET = 16.2;
				MARKETING_VERSION = 1.0;
				PRODUCT_BUNDLE_IDENTIFIER = com.fred.CalculatorTests;
				PRODUCT_NAME = "$(TARGET_NAME)";
				SWIFT_EMIT_LOC_STRINGS = NO;
				SWIFT_VERSION = 5.0;
				TARGETED_DEVICE_FAMILY = "1,2";
				TEST_HOST = "$(BUILT_PRODUCTS_DIR)/Calculator.app/$(BUNDLE_EXECUTABLE_FOLDER_PATH)/Calculator";
			};
			name = Release;
		};
		FD918F1029797B52005A3732 /* Debug */ = {
			isa = XCBuildConfiguration;
			buildSettings = {
				ALWAYS_EMBED_SWIFT_STANDARD_LIBRARIES = YES;
				CODE_SIGN_STYLE = Automatic;
				CURRENT_PROJECT_VERSION = 1;
				DEVELOPMENT_TEAM = 3QF9F89UA9;
				GENERATE_INFOPLIST_FILE = YES;
				MARKETING_VERSION = 1.0;
				PRODUCT_BUNDLE_IDENTIFIER = com.fred.CalculatorUITests;
				PRODUCT_NAME = "$(TARGET_NAME)";
				SWIFT_EMIT_LOC_STRINGS = NO;
				SWIFT_VERSION = 5.0;
				TARGETED_DEVICE_FAMILY = "1,2";
				TEST_TARGET_NAME = Calculator;
			};
			name = Debug;
		};
		FD918F1129797B52005A3732 /* Release */ = {
			isa = XCBuildConfiguration;
			buildSettings = {
				ALWAYS_EMBED_SWIFT_STANDARD_LIBRARIES = YES;
				CODE_SIGN_STYLE = Automatic;
				CURRENT_PROJECT_VERSION = 1;
				DEVELOPMENT_TEAM = 3QF9F89UA9;
				GENERATE_INFOPLIST_FILE = YES;
				MARKETING_VERSION = 1.0;
				PRODUCT_BUNDLE_IDENTIFIER = com.fred.CalculatorUITests;
				PRODUCT_NAME = "$(TARGET_NAME)";
				SWIFT_EMIT_LOC_STRINGS = NO;
				SWIFT_VERSION = 5.0;
				TARGETED_DEVICE_FAMILY = "1,2";
				TEST_TARGET_NAME = Calculator;
			};
			name = Release;
		};
/* End XCBuildConfiguration section */

/* Begin XCConfigurationList section */
		FD918EE029797B50005A3732 /* Build configuration list for PBXProject "Calculator" */ = {
			isa = XCConfigurationList;
			buildConfigurations = (
				FD918F0729797B52005A3732 /* Debug */,
				FD918F0829797B52005A3732 /* Release */,
			);
			defaultConfigurationIsVisible = 0;
			defaultConfigurationName = Release;
		};
		FD918F0929797B52005A3732 /* Build configuration list for PBXNativeTarget "Calculator" */ = {
			isa = XCConfigurationList;
			buildConfigurations = (
				FD918F0A29797B52005A3732 /* Debug */,
				FD918F0B29797B52005A3732 /* Release */,
			);
			defaultConfigurationIsVisible = 0;
			defaultConfigurationName = Release;
		};
		FD918F0C29797B52005A3732 /* Build configuration list for PBXNativeTarget "CalculatorTests" */ = {
			isa = XCConfigurationList;
			buildConfigurations = (
				FD918F0D29797B52005A3732 /* Debug */,
				FD918F0E29797B52005A3732 /* Release */,
			);
			defaultConfigurationIsVisible = 0;
			defaultConfigurationName = Release;
		};
		FD918F0F29797B52005A3732 /* Build configuration list for PBXNativeTarget "CalculatorUITests" */ = {
			isa = XCConfigurationList;
			buildConfigurations = (
				FD918F1029797B52005A3732 /* Debug */,
				FD918F1129797B52005A3732 /* Release */,
			);
			defaultConfigurationIsVisible = 0;
			defaultConfigurationName = Release;
		};
/* End XCConfigurationList section */
	};
	rootObject = FD918EDD29797B50005A3732 /* Project object */;
}
